
Microsoft Visual Studio Solution File, Format Version 12.00
# Visual Studio 2013
VisualStudioVersion = 12.0.21005.1
MinimumVisualStudioVersion = 10.0.40219.1
Project("{FAE04EC0-301F-11D3-BF4B-00C04F79EFBC}") = "Monitor.Hub", "Monitor.Hub\Monitor.Hub.csproj", "{35DD01BD-E2CC-45CE-BF12-94F5E7600554}"
EndProject
Project("{FAE04EC0-301F-11D3-BF4B-00C04F79EFBC}") = "Monitor.Core", "Monitor.Core\Monitor.Core.csproj", "{DCEFCA95-6C0C-4080-8F9B-0A70B251E037}"
EndProject
Project("{FAE04EC0-301F-11D3-BF4B-00C04F79EFBC}") = "Monitor.SystemTests", "Monitor.SystemTests\Monitor.SystemTests.csproj", "{5ABC65C6-29EA-4184-8A7D-447E50DD8FA8}"
EndProject
Project("{2150E333-8FDC-42A3-9474-1A3956D46DE8}") = "Tests", "Tests", "{87459DEC-CD39-423F-AEDE-F3A6C282D81D}"
EndProject
Project("{2150E333-8FDC-42A3-9474-1A3956D46DE8}") = "Assets", "Assets", "{8778FC56-EC03-49DF-9F3F-A10C45948085}"
EndProject
Project("{F088123C-0E9E-452A-89E6-6BA2F21D5CAC}") = "Monitor.Architecture", "Monitor.Architecture\Monitor.Architecture.modelproj", "{F1F2E19D-0507-48B0-BBE4-0B0950B7DA62}"
EndProject
Project("{2150E333-8FDC-42A3-9474-1A3956D46DE8}") = ".nuget", ".nuget", "{61790742-D84F-49C0-9EA4-81F0D0CAE5A3}"
	ProjectSection(SolutionItems) = preProject
		.nuget\NuGet.Config = .nuget\NuGet.Config
		.nuget\NuGet.exe = .nuget\NuGet.exe
		.nuget\NuGet.targets = .nuget\NuGet.targets
	EndProjectSection
EndProject
Project("{FAE04EC0-301F-11D3-BF4B-00C04F79EFBC}") = "Monitor.ConsoleRunner", "Monitor.ConsoleRunner\Monitor.ConsoleRunner.csproj", "{80690613-F62C-4BCF-98DF-05D35E26716B}"
	ProjectSection(ProjectDependencies) = postProject
		{35DD01BD-E2CC-45CE-BF12-94F5E7600554} = {35DD01BD-E2CC-45CE-BF12-94F5E7600554}
	EndProjectSection
EndProject
Project("{FAE04EC0-301F-11D3-BF4B-00C04F79EFBC}") = "Monitor.Store", "Monitor.Store\Monitor.Store.csproj", "{3DEE7CD6-45BC-4A03-9737-341D84AA4432}"
EndProject
Project("{FAE04EC0-301F-11D3-BF4B-00C04F79EFBC}") = "Monitor.Website", "Monitor.Website\Monitor.Website.csproj", "{1BA6E3D4-5F8A-4AC5-81C4-B9BE6DC8CED1}"
	ProjectSection(ProjectDependencies) = postProject
		{35DD01BD-E2CC-45CE-BF12-94F5E7600554} = {35DD01BD-E2CC-45CE-BF12-94F5E7600554}
	EndProjectSection
EndProject
Global
	GlobalSection(SolutionConfigurationPlatforms) = preSolution
		Debug|Any CPU = Debug|Any CPU
		Debug|ARM = Debug|ARM
		Debug|x64 = Debug|x64
		Debug|x86 = Debug|x86
		Release|Any CPU = Release|Any CPU
		Release|ARM = Release|ARM
		Release|x64 = Release|x64
		Release|x86 = Release|x86
	EndGlobalSection
	GlobalSection(ProjectConfigurationPlatforms) = postSolution
		{35DD01BD-E2CC-45CE-BF12-94F5E7600554}.Debug|Any CPU.ActiveCfg = Debug|Any CPU
		{35DD01BD-E2CC-45CE-BF12-94F5E7600554}.Debug|Any CPU.Build.0 = Debug|Any CPU
		{35DD01BD-E2CC-45CE-BF12-94F5E7600554}.Debug|ARM.ActiveCfg = Debug|Any CPU
		{35DD01BD-E2CC-45CE-BF12-94F5E7600554}.Debug|x64.ActiveCfg = Debug|Any CPU
		{35DD01BD-E2CC-45CE-BF12-94F5E7600554}.Debug|x86.ActiveCfg = Debug|Any CPU
		{35DD01BD-E2CC-45CE-BF12-94F5E7600554}.Release|Any CPU.ActiveCfg = Release|Any CPU
		{35DD01BD-E2CC-45CE-BF12-94F5E7600554}.Release|Any CPU.Build.0 = Release|Any CPU
		{35DD01BD-E2CC-45CE-BF12-94F5E7600554}.Release|ARM.ActiveCfg = Release|Any CPU
		{35DD01BD-E2CC-45CE-BF12-94F5E7600554}.Release|x64.ActiveCfg = Release|Any CPU
		{35DD01BD-E2CC-45CE-BF12-94F5E7600554}.Release|x86.ActiveCfg = Release|Any CPU
		{DCEFCA95-6C0C-4080-8F9B-0A70B251E037}.Debug|Any CPU.ActiveCfg = Debug|Any CPU
		{DCEFCA95-6C0C-4080-8F9B-0A70B251E037}.Debug|Any CPU.Build.0 = Debug|Any CPU
		{DCEFCA95-6C0C-4080-8F9B-0A70B251E037}.Debug|ARM.ActiveCfg = Debug|Any CPU
		{DCEFCA95-6C0C-4080-8F9B-0A70B251E037}.Debug|x64.ActiveCfg = Debug|Any CPU
		{DCEFCA95-6C0C-4080-8F9B-0A70B251E037}.Debug|x86.ActiveCfg = Debug|Any CPU
		{DCEFCA95-6C0C-4080-8F9B-0A70B251E037}.Release|Any CPU.ActiveCfg = Release|Any CPU
		{DCEFCA95-6C0C-4080-8F9B-0A70B251E037}.Release|Any CPU.Build.0 = Release|Any CPU
		{DCEFCA95-6C0C-4080-8F9B-0A70B251E037}.Release|ARM.ActiveCfg = Release|Any CPU
		{DCEFCA95-6C0C-4080-8F9B-0A70B251E037}.Release|x64.ActiveCfg = Release|Any CPU
		{DCEFCA95-6C0C-4080-8F9B-0A70B251E037}.Release|x86.ActiveCfg = Release|Any CPU
		{5ABC65C6-29EA-4184-8A7D-447E50DD8FA8}.Debug|Any CPU.ActiveCfg = Debug|Any CPU
		{5ABC65C6-29EA-4184-8A7D-447E50DD8FA8}.Debug|Any CPU.Build.0 = Debug|Any CPU
		{5ABC65C6-29EA-4184-8A7D-447E50DD8FA8}.Debug|ARM.ActiveCfg = Debug|Any CPU
		{5ABC65C6-29EA-4184-8A7D-447E50DD8FA8}.Debug|x64.ActiveCfg = Debug|Any CPU
		{5ABC65C6-29EA-4184-8A7D-447E50DD8FA8}.Debug|x86.ActiveCfg = Debug|Any CPU
		{5ABC65C6-29EA-4184-8A7D-447E50DD8FA8}.Release|Any CPU.ActiveCfg = Release|Any CPU
		{5ABC65C6-29EA-4184-8A7D-447E50DD8FA8}.Release|Any CPU.Build.0 = Release|Any CPU
		{5ABC65C6-29EA-4184-8A7D-447E50DD8FA8}.Release|ARM.ActiveCfg = Release|Any CPU
		{5ABC65C6-29EA-4184-8A7D-447E50DD8FA8}.Release|x64.ActiveCfg = Release|Any CPU
		{5ABC65C6-29EA-4184-8A7D-447E50DD8FA8}.Release|x86.ActiveCfg = Release|Any CPU
		{F1F2E19D-0507-48B0-BBE4-0B0950B7DA62}.Debug|Any CPU.ActiveCfg = Debug|Any CPU
		{F1F2E19D-0507-48B0-BBE4-0B0950B7DA62}.Debug|Any CPU.Build.0 = Debug|Any CPU
		{F1F2E19D-0507-48B0-BBE4-0B0950B7DA62}.Debug|ARM.ActiveCfg = Debug|Any CPU
		{F1F2E19D-0507-48B0-BBE4-0B0950B7DA62}.Debug|x64.ActiveCfg = Debug|Any CPU
		{F1F2E19D-0507-48B0-BBE4-0B0950B7DA62}.Debug|x86.ActiveCfg = Debug|Any CPU
		{F1F2E19D-0507-48B0-BBE4-0B0950B7DA62}.Release|Any CPU.ActiveCfg = Release|Any CPU
		{F1F2E19D-0507-48B0-BBE4-0B0950B7DA62}.Release|Any CPU.Build.0 = Release|Any CPU
		{F1F2E19D-0507-48B0-BBE4-0B0950B7DA62}.Release|ARM.ActiveCfg = Release|Any CPU
		{F1F2E19D-0507-48B0-BBE4-0B0950B7DA62}.Release|x64.ActiveCfg = Release|Any CPU
		{F1F2E19D-0507-48B0-BBE4-0B0950B7DA62}.Release|x86.ActiveCfg = Release|Any CPU
		{80690613-F62C-4BCF-98DF-05D35E26716B}.Debug|Any CPU.ActiveCfg = Debug|Any CPU
		{80690613-F62C-4BCF-98DF-05D35E26716B}.Debug|Any CPU.Build.0 = Debug|Any CPU
		{80690613-F62C-4BCF-98DF-05D35E26716B}.Debug|ARM.ActiveCfg = Debug|Any CPU
		{80690613-F62C-4BCF-98DF-05D35E26716B}.Debug|x64.ActiveCfg = Debug|Any CPU
		{80690613-F62C-4BCF-98DF-05D35E26716B}.Debug|x86.ActiveCfg = Debug|Any CPU
		{80690613-F62C-4BCF-98DF-05D35E26716B}.Release|Any CPU.ActiveCfg = Release|Any CPU
		{80690613-F62C-4BCF-98DF-05D35E26716B}.Release|Any CPU.Build.0 = Release|Any CPU
		{80690613-F62C-4BCF-98DF-05D35E26716B}.Release|ARM.ActiveCfg = Release|Any CPU
		{80690613-F62C-4BCF-98DF-05D35E26716B}.Release|x64.ActiveCfg = Release|Any CPU
		{80690613-F62C-4BCF-98DF-05D35E26716B}.Release|x86.ActiveCfg = Release|Any CPU
		{3DEE7CD6-45BC-4A03-9737-341D84AA4432}.Debug|Any CPU.ActiveCfg = Debug|Any CPU
		{3DEE7CD6-45BC-4A03-9737-341D84AA4432}.Debug|Any CPU.Build.0 = Debug|Any CPU
		{3DEE7CD6-45BC-4A03-9737-341D84AA4432}.Debug|Any CPU.Deploy.0 = Debug|Any CPU
		{3DEE7CD6-45BC-4A03-9737-341D84AA4432}.Debug|ARM.ActiveCfg = Debug|ARM
		{3DEE7CD6-45BC-4A03-9737-341D84AA4432}.Debug|ARM.Build.0 = Debug|ARM
		{3DEE7CD6-45BC-4A03-9737-341D84AA4432}.Debug|ARM.Deploy.0 = Debug|ARM
		{3DEE7CD6-45BC-4A03-9737-341D84AA4432}.Debug|x64.ActiveCfg = Debug|x64
		{3DEE7CD6-45BC-4A03-9737-341D84AA4432}.Debug|x64.Build.0 = Debug|x64
		{3DEE7CD6-45BC-4A03-9737-341D84AA4432}.Debug|x64.Deploy.0 = Debug|x64
		{3DEE7CD6-45BC-4A03-9737-341D84AA4432}.Debug|x86.ActiveCfg = Debug|x86
		{3DEE7CD6-45BC-4A03-9737-341D84AA4432}.Debug|x86.Build.0 = Debug|x86
		{3DEE7CD6-45BC-4A03-9737-341D84AA4432}.Debug|x86.Deploy.0 = Debug|x86
		{3DEE7CD6-45BC-4A03-9737-341D84AA4432}.Release|Any CPU.ActiveCfg = Release|Any CPU
		{3DEE7CD6-45BC-4A03-9737-341D84AA4432}.Release|Any CPU.Build.0 = Release|Any CPU
		{3DEE7CD6-45BC-4A03-9737-341D84AA4432}.Release|Any CPU.Deploy.0 = Release|Any CPU
		{3DEE7CD6-45BC-4A03-9737-341D84AA4432}.Release|ARM.ActiveCfg = Release|ARM
		{3DEE7CD6-45BC-4A03-9737-341D84AA4432}.Release|ARM.Build.0 = Release|ARM
		{3DEE7CD6-45BC-4A03-9737-341D84AA4432}.Release|ARM.Deploy.0 = Release|ARM
		{3DEE7CD6-45BC-4A03-9737-341D84AA4432}.Release|x64.ActiveCfg = Release|x64
		{3DEE7CD6-45BC-4A03-9737-341D84AA4432}.Release|x64.Build.0 = Release|x64
		{3DEE7CD6-45BC-4A03-9737-341D84AA4432}.Release|x64.Deploy.0 = Release|x64
		{3DEE7CD6-45BC-4A03-9737-341D84AA4432}.Release|x86.ActiveCfg = Release|x86
		{3DEE7CD6-45BC-4A03-9737-341D84AA4432}.Release|x86.Build.0 = Release|x86
		{3DEE7CD6-45BC-4A03-9737-341D84AA4432}.Release|x86.Deploy.0 = Release|x86
		{1BA6E3D4-5F8A-4AC5-81C4-B9BE6DC8CED1}.Debug|Any CPU.ActiveCfg = Debug|Any CPU
		{1BA6E3D4-5F8A-4AC5-81C4-B9BE6DC8CED1}.Debug|Any CPU.Build.0 = Debug|Any CPU
		{1BA6E3D4-5F8A-4AC5-81C4-B9BE6DC8CED1}.Debug|ARM.ActiveCfg = Debug|Any CPU
		{1BA6E3D4-5F8A-4AC5-81C4-B9BE6DC8CED1}.Debug|x64.ActiveCfg = Debug|Any CPU
		{1BA6E3D4-5F8A-4AC5-81C4-B9BE6DC8CED1}.Debug|x86.ActiveCfg = Debug|Any CPU
		{1BA6E3D4-5F8A-4AC5-81C4-B9BE6DC8CED1}.Release|Any CPU.ActiveCfg = Release|Any CPU
		{1BA6E3D4-5F8A-4AC5-81C4-B9BE6DC8CED1}.Release|Any CPU.Build.0 = Release|Any CPU
		{1BA6E3D4-5F8A-4AC5-81C4-B9BE6DC8CED1}.Release|ARM.ActiveCfg = Release|Any CPU
		{1BA6E3D4-5F8A-4AC5-81C4-B9BE6DC8CED1}.Release|x64.ActiveCfg = Release|Any CPU
		{1BA6E3D4-5F8A-4AC5-81C4-B9BE6DC8CED1}.Release|x86.ActiveCfg = Release|Any CPU
	EndGlobalSection
	GlobalSection(SolutionProperties) = preSolution
		HideSolutionNode = FALSE
	EndGlobalSection
	GlobalSection(NestedProjects) = preSolution
		{5ABC65C6-29EA-4184-8A7D-447E50DD8FA8} = {87459DEC-CD39-423F-AEDE-F3A6C282D81D}
		{80690613-F62C-4BCF-98DF-05D35E26716B} = {87459DEC-CD39-423F-AEDE-F3A6C282D81D}
		{F1F2E19D-0507-48B0-BBE4-0B0950B7DA62} = {8778FC56-EC03-49DF-9F3F-A10C45948085}
	EndGlobalSection
EndGlobal
